
Microsoft Visual Studio Solution File, Format Version 12.00
# Visual Studio 2012
Project("{FAE04EC0-301F-11D3-BF4B-00C04F79EFBC}") = "lista_de_exercicios", "lista_de_exercicios\lista_de_exercicios.csproj", "{799B834A-40F6-4997-87DE-4CB1E7DAF604}"
EndProject
Global
	GlobalSection(SolutionConfigurationPlatforms) = preSolution
		Debug|Any CPU = Debug|Any CPU
		Release|Any CPU = Release|Any CPU
	EndGlobalSection
	GlobalSection(ProjectConfigurationPlatforms) = postSolution
		{799B834A-40F6-4997-87DE-4CB1E7DAF604}.Debug|Any CPU.ActiveCfg = Debug|Any CPU
		{799B834A-40F6-4997-87DE-4CB1E7DAF604}.Debug|Any CPU.Build.0 = Debug|Any CPU
		{799B834A-40F6-4997-87DE-4CB1E7DAF604}.Release|Any CPU.ActiveCfg = Release|Any CPU
		{799B834A-40F6-4997-87DE-4CB1E7DAF604}.Release|Any CPU.Build.0 = Release|Any CPU
	EndGlobalSection
	GlobalSection(SolutionProperties) = preSolution
		HideSolutionNode = FALSE
	EndGlobalSection
EndGlobal
